// !$*UTF8*$!
{
	archiveVersion = 1;
	classes = {
	};
	objectVersion = 56;
	objects = {

/* Begin PBXBuildFile section */
		0964021E2A832E3F00DDBA00 /* AppDelegate.swift in Sources */ = {isa = PBXBuildFile; fileRef = 0964021D2A832E3F00DDBA00 /* AppDelegate.swift */; };
		096402202A832E3F00DDBA00 /* SceneDelegate.swift in Sources */ = {isa = PBXBuildFile; fileRef = 0964021F2A832E3F00DDBA00 /* SceneDelegate.swift */; };
		096402222A832E3F00DDBA00 /* ViewController.swift in Sources */ = {isa = PBXBuildFile; fileRef = 096402212A832E3F00DDBA00 /* ViewController.swift */; };
		096402252A832E3F00DDBA00 /* Main.storyboard in Resources */ = {isa = PBXBuildFile; fileRef = 096402232A832E3F00DDBA00 /* Main.storyboard */; };
		096402282A832E3F00DDBA00 /* Chatty.xcdatamodeld in Sources */ = {isa = PBXBuildFile; fileRef = 096402262A832E3F00DDBA00 /* Chatty.xcdatamodeld */; };
		0964022A2A832E4100DDBA00 /* Assets.xcassets in Resources */ = {isa = PBXBuildFile; fileRef = 096402292A832E4100DDBA00 /* Assets.xcassets */; };
		0964022D2A832E4100DDBA00 /* LaunchScreen.storyboard in Resources */ = {isa = PBXBuildFile; fileRef = 0964022B2A832E4100DDBA00 /* LaunchScreen.storyboard */; };
		096402382A832E4100DDBA00 /* ChattyTests.swift in Sources */ = {isa = PBXBuildFile; fileRef = 096402372A832E4100DDBA00 /* ChattyTests.swift */; };
		096402422A832E4100DDBA00 /* ChattyUITests.swift in Sources */ = {isa = PBXBuildFile; fileRef = 096402412A832E4100DDBA00 /* ChattyUITests.swift */; };
		096402442A832E4100DDBA00 /* ChattyUITestsLaunchTests.swift in Sources */ = {isa = PBXBuildFile; fileRef = 096402432A832E4100DDBA00 /* ChattyUITestsLaunchTests.swift */; };
/* End PBXBuildFile section */

/* Begin PBXContainerItemProxy section */
		096402342A832E4100DDBA00 /* PBXContainerItemProxy */ = {
			isa = PBXContainerItemProxy;
			containerPortal = 096402122A832E3F00DDBA00 /* Project object */;
			proxyType = 1;
			remoteGlobalIDString = 096402192A832E3F00DDBA00;
			remoteInfo = Chatty;
		};
		0964023E2A832E4100DDBA00 /* PBXContainerItemProxy */ = {
			isa = PBXContainerItemProxy;
			containerPortal = 096402122A832E3F00DDBA00 /* Project object */;
			proxyType = 1;
			remoteGlobalIDString = 096402192A832E3F00DDBA00;
			remoteInfo = Chatty;
		};
/* End PBXContainerItemProxy section */

/* Begin PBXFileReference section */
		0964021A2A832E3F00DDBA00 /* Chatty.app */ = {isa = PBXFileReference; explicitFileType = wrapper.application; includeInIndex = 0; path = Chatty.app; sourceTree = BUILT_PRODUCTS_DIR; };
		0964021D2A832E3F00DDBA00 /* AppDelegate.swift */ = {isa = PBXFileReference; lastKnownFileType = sourcecode.swift; path = AppDelegate.swift; sourceTree = "<group>"; };
		0964021F2A832E3F00DDBA00 /* SceneDelegate.swift */ = {isa = PBXFileReference; lastKnownFileType = sourcecode.swift; path = SceneDelegate.swift; sourceTree = "<group>"; };
		096402212A832E3F00DDBA00 /* ViewController.swift */ = {isa = PBXFileReference; lastKnownFileType = sourcecode.swift; path = ViewController.swift; sourceTree = "<group>"; };
		096402242A832E3F00DDBA00 /* Base */ = {isa = PBXFileReference; lastKnownFileType = file.storyboard; name = Base; path = Base.lproj/Main.storyboard; sourceTree = "<group>"; };
		096402272A832E3F00DDBA00 /* Chatty.xcdatamodel */ = {isa = PBXFileReference; lastKnownFileType = wrapper.xcdatamodel; path = Chatty.xcdatamodel; sourceTree = "<group>"; };
		096402292A832E4100DDBA00 /* Assets.xcassets */ = {isa = PBXFileReference; lastKnownFileType = folder.assetcatalog; path = Assets.xcassets; sourceTree = "<group>"; };
		0964022C2A832E4100DDBA00 /* Base */ = {isa = PBXFileReference; lastKnownFileType = file.storyboard; name = Base; path = Base.lproj/LaunchScreen.storyboard; sourceTree = "<group>"; };
		0964022E2A832E4100DDBA00 /* Info.plist */ = {isa = PBXFileReference; lastKnownFileType = text.plist.xml; path = Info.plist; sourceTree = "<group>"; };
		096402332A832E4100DDBA00 /* ChattyTests.xctest */ = {isa = PBXFileReference; explicitFileType = wrapper.cfbundle; includeInIndex = 0; path = ChattyTests.xctest; sourceTree = BUILT_PRODUCTS_DIR; };
		096402372A832E4100DDBA00 /* ChattyTests.swift */ = {isa = PBXFileReference; lastKnownFileType = sourcecode.swift; path = ChattyTests.swift; sourceTree = "<group>"; };
		0964023D2A832E4100DDBA00 /* ChattyUITests.xctest */ = {isa = PBXFileReference; explicitFileType = wrapper.cfbundle; includeInIndex = 0; path = ChattyUITests.xctest; sourceTree = BUILT_PRODUCTS_DIR; };
		096402412A832E4100DDBA00 /* ChattyUITests.swift */ = {isa = PBXFileReference; lastKnownFileType = sourcecode.swift; path = ChattyUITests.swift; sourceTree = "<group>"; };
		096402432A832E4100DDBA00 /* ChattyUITestsLaunchTests.swift */ = {isa = PBXFileReference; lastKnownFileType = sourcecode.swift; path = ChattyUITestsLaunchTests.swift; sourceTree = "<group>"; };
/* End PBXFileReference section */

/* Begin PBXFrameworksBuildPhase section */
		096402172A832E3F00DDBA00 /* Frameworks */ = {
			isa = PBXFrameworksBuildPhase;
			buildActionMask = 2147483647;
			files = (
			);
			runOnlyForDeploymentPostprocessing = 0;
		};
		096402302A832E4100DDBA00 /* Frameworks */ = {
			isa = PBXFrameworksBuildPhase;
			buildActionMask = 2147483647;
			files = (
			);
			runOnlyForDeploymentPostprocessing = 0;
		};
		0964023A2A832E4100DDBA00 /* Frameworks */ = {
			isa = PBXFrameworksBuildPhase;
			buildActionMask = 2147483647;
			files = (
			);
			runOnlyForDeploymentPostprocessing = 0;
		};
/* End PBXFrameworksBuildPhase section */

/* Begin PBXGroup section */
		096402112A832E3F00DDBA00 = {
			isa = PBXGroup;
			children = (
				0964021C2A832E3F00DDBA00 /* Chatty */,
				096402362A832E4100DDBA00 /* ChattyTests */,
				096402402A832E4100DDBA00 /* ChattyUITests */,
				0964021B2A832E3F00DDBA00 /* Products */,
			);
			sourceTree = "<group>";
		};
		0964021B2A832E3F00DDBA00 /* Products */ = {
			isa = PBXGroup;
			children = (
				0964021A2A832E3F00DDBA00 /* Chatty.app */,
				096402332A832E4100DDBA00 /* ChattyTests.xctest */,
				0964023D2A832E4100DDBA00 /* ChattyUITests.xctest */,
			);
			name = Products;
			sourceTree = "<group>";
		};
		0964021C2A832E3F00DDBA00 /* Chatty */ = {
			isa = PBXGroup;
			children = (
				0964021D2A832E3F00DDBA00 /* AppDelegate.swift */,
				0964021F2A832E3F00DDBA00 /* SceneDelegate.swift */,
				096402212A832E3F00DDBA00 /* ViewController.swift */,
				096402232A832E3F00DDBA00 /* Main.storyboard */,
				096402292A832E4100DDBA00 /* Assets.xcassets */,
				0964022B2A832E4100DDBA00 /* LaunchScreen.storyboard */,
				0964022E2A832E4100DDBA00 /* Info.plist */,
				096402262A832E3F00DDBA00 /* Chatty.xcdatamodeld */,
			);
			path = Chatty;
			sourceTree = "<group>";
		};
		096402362A832E4100DDBA00 /* ChattyTests */ = {
			isa = PBXGroup;
			children = (
				096402372A832E4100DDBA00 /* ChattyTests.swift */,
			);
			path = ChattyTests;
			sourceTree = "<group>";
		};
		096402402A832E4100DDBA00 /* ChattyUITests */ = {
			isa = PBXGroup;
			children = (
				096402412A832E4100DDBA00 /* ChattyUITests.swift */,
				096402432A832E4100DDBA00 /* ChattyUITestsLaunchTests.swift */,
			);
			path = ChattyUITests;
			sourceTree = "<group>";
		};
/* End PBXGroup section */

/* Begin PBXNativeTarget section */
		096402192A832E3F00DDBA00 /* Chatty */ = {
			isa = PBXNativeTarget;
			buildConfigurationList = 096402472A832E4100DDBA00 /* Build configuration list for PBXNativeTarget "Chatty" */;
			buildPhases = (
				096402162A832E3F00DDBA00 /* Sources */,
				096402172A832E3F00DDBA00 /* Frameworks */,
				096402182A832E3F00DDBA00 /* Resources */,
			);
			buildRules = (
			);
			dependencies = (
			);
			name = Chatty;
			productName = Chatty;
			productReference = 0964021A2A832E3F00DDBA00 /* Chatty.app */;
			productType = "com.apple.product-type.application";
		};
		096402322A832E4100DDBA00 /* ChattyTests */ = {
			isa = PBXNativeTarget;
			buildConfigurationList = 0964024A2A832E4100DDBA00 /* Build configuration list for PBXNativeTarget "ChattyTests" */;
			buildPhases = (
				0964022F2A832E4100DDBA00 /* Sources */,
				096402302A832E4100DDBA00 /* Frameworks */,
				096402312A832E4100DDBA00 /* Resources */,
			);
			buildRules = (
			);
			dependencies = (
				096402352A832E4100DDBA00 /* PBXTargetDependency */,
			);
			name = ChattyTests;
			productName = ChattyTests;
			productReference = 096402332A832E4100DDBA00 /* ChattyTests.xctest */;
			productType = "com.apple.product-type.bundle.unit-test";
		};
		0964023C2A832E4100DDBA00 /* ChattyUITests */ = {
			isa = PBXNativeTarget;
			buildConfigurationList = 0964024D2A832E4100DDBA00 /* Build configuration list for PBXNativeTarget "ChattyUITests" */;
			buildPhases = (
				096402392A832E4100DDBA00 /* Sources */,
				0964023A2A832E4100DDBA00 /* Frameworks */,
				0964023B2A832E4100DDBA00 /* Resources */,
			);
			buildRules = (
			);
			dependencies = (
				0964023F2A832E4100DDBA00 /* PBXTargetDependency */,
			);
			name = ChattyUITests;
			productName = ChattyUITests;
			productReference = 0964023D2A832E4100DDBA00 /* ChattyUITests.xctest */;
			productType = "com.apple.product-type.bundle.ui-testing";
		};
/* End PBXNativeTarget section */

/* Begin PBXProject section */
		096402122A832E3F00DDBA00 /* Project object */ = {
			isa = PBXProject;
			attributes = {
				BuildIndependentTargetsInParallel = 1;
				LastSwiftUpdateCheck = 1420;
				LastUpgradeCheck = 1420;
				TargetAttributes = {
					096402192A832E3F00DDBA00 = {
						CreatedOnToolsVersion = 14.2;
					};
					096402322A832E4100DDBA00 = {
						CreatedOnToolsVersion = 14.2;
						TestTargetID = 096402192A832E3F00DDBA00;
					};
					0964023C2A832E4100DDBA00 = {
						CreatedOnToolsVersion = 14.2;
						TestTargetID = 096402192A832E3F00DDBA00;
					};
				};
			};
			buildConfigurationList = 096402152A832E3F00DDBA00 /* Build configuration list for PBXProject "Chatty" */;
			compatibilityVersion = "Xcode 14.0";
			developmentRegion = en;
			hasScannedForEncodings = 0;
			knownRegions = (
				en,
				Base,
			);
			mainGroup = 096402112A832E3F00DDBA00;
			productRefGroup = 0964021B2A832E3F00DDBA00 /* Products */;
			projectDirPath = "";
			projectRoot = "";
			targets = (
				096402192A832E3F00DDBA00 /* Chatty */,
				096402322A832E4100DDBA00 /* ChattyTests */,
				0964023C2A832E4100DDBA00 /* ChattyUITests */,
			);
		};
/* End PBXProject section */

/* Begin PBXResourcesBuildPhase section */
		096402182A832E3F00DDBA00 /* Resources */ = {
			isa = PBXResourcesBuildPhase;
			buildActionMask = 2147483647;
			files = (
				0964022D2A832E4100DDBA00 /* LaunchScreen.storyboard in Resources */,
				0964022A2A832E4100DDBA00 /* Assets.xcassets in Resources */,
				096402252A832E3F00DDBA00 /* Main.storyboard in Resources */,
			);
			runOnlyForDeploymentPostprocessing = 0;
		};
		096402312A832E4100DDBA00 /* Resources */ = {
			isa = PBXResourcesBuildPhase;
			buildActionMask = 2147483647;
			files = (
			);
			runOnlyForDeploymentPostprocessing = 0;
		};
		0964023B2A832E4100DDBA00 /* Resources */ = {
			isa = PBXResourcesBuildPhase;
			buildActionMask = 2147483647;
			files = (
			);
			runOnlyForDeploymentPostprocessing = 0;
		};
/* End PBXResourcesBuildPhase section */

/* Begin PBXSourcesBuildPhase section */
		096402162A832E3F00DDBA00 /* Sources */ = {
			isa = PBXSourcesBuildPhase;
			buildActionMask = 2147483647;
			files = (
				096402282A832E3F00DDBA00 /* Chatty.xcdatamodeld in Sources */,
				096402222A832E3F00DDBA00 /* ViewController.swift in Sources */,
				0964021E2A832E3F00DDBA00 /* AppDelegate.swift in Sources */,
				096402202A832E3F00DDBA00 /* SceneDelegate.swift in Sources */,
			);
			runOnlyForDeploymentPostprocessing = 0;
		};
		0964022F2A832E4100DDBA00 /* Sources */ = {
			isa = PBXSourcesBuildPhase;
			buildActionMask = 2147483647;
			files = (
				096402382A832E4100DDBA00 /* ChattyTests.swift in Sources */,
			);
			runOnlyForDeploymentPostprocessing = 0;
		};
		096402392A832E4100DDBA00 /* Sources */ = {
			isa = PBXSourcesBuildPhase;
			buildActionMask = 2147483647;
			files = (
				096402422A832E4100DDBA00 /* ChattyUITests.swift in Sources */,
				096402442A832E4100DDBA00 /* ChattyUITestsLaunchTests.swift in Sources */,
			);
			runOnlyForDeploymentPostprocessing = 0;
		};
/* End PBXSourcesBuildPhase section */

/* Begin PBXTargetDependency section */
		096402352A832E4100DDBA00 /* PBXTargetDependency */ = {
			isa = PBXTargetDependency;
			target = 096402192A832E3F00DDBA00 /* Chatty */;
			targetProxy = 096402342A832E4100DDBA00 /* PBXContainerItemProxy */;
		};
		0964023F2A832E4100DDBA00 /* PBXTargetDependency */ = {
			isa = PBXTargetDependency;
			target = 096402192A832E3F00DDBA00 /* Chatty */;
			targetProxy = 0964023E2A832E4100DDBA00 /* PBXContainerItemProxy */;
		};
/* End PBXTargetDependency section */

/* Begin PBXVariantGroup section */
		096402232A832E3F00DDBA00 /* Main.storyboard */ = {
			isa = PBXVariantGroup;
			children = (
				096402242A832E3F00DDBA00 /* Base */,
			);
			name = Main.storyboard;
			sourceTree = "<group>";
		};
		0964022B2A832E4100DDBA00 /* LaunchScreen.storyboard */ = {
			isa = PBXVariantGroup;
			children = (
				0964022C2A832E4100DDBA00 /* Base */,
			);
			name = LaunchScreen.storyboard;
			sourceTree = "<group>";
		};
/* End PBXVariantGroup section */

/* Begin XCBuildConfiguration section */
		096402452A832E4100DDBA00 /* Debug */ = {
			isa = XCBuildConfiguration;
			buildSettings = {
				ALWAYS_SEARCH_USER_PATHS = NO;
				CLANG_ANALYZER_NONNULL = YES;
				CLANG_ANALYZER_NUMBER_OBJECT_CONVERSION = YES_AGGRESSIVE;
				CLANG_CXX_LANGUAGE_STANDARD = "gnu++20";
				CLANG_ENABLE_MODULES = YES;
				CLANG_ENABLE_OBJC_ARC = YES;
				CLANG_ENABLE_OBJC_WEAK = YES;
				CLANG_WARN_BLOCK_CAPTURE_AUTORELEASING = YES;
				CLANG_WARN_BOOL_CONVERSION = YES;
				CLANG_WARN_COMMA = YES;
				CLANG_WARN_CONSTANT_CONVERSION = YES;
				CLANG_WARN_DEPRECATED_OBJC_IMPLEMENTATIONS = YES;
				CLANG_WARN_DIRECT_OBJC_ISA_USAGE = YES_ERROR;
				CLANG_WARN_DOCUMENTATION_COMMENTS = YES;
				CLANG_WARN_EMPTY_BODY = YES;
				CLANG_WARN_ENUM_CONVERSION = YES;
				CLANG_WARN_INFINITE_RECURSION = YES;
				CLANG_WARN_INT_CONVERSION = YES;
				CLANG_WARN_NON_LITERAL_NULL_CONVERSION = YES;
				CLANG_WARN_OBJC_IMPLICIT_RETAIN_SELF = YES;
				CLANG_WARN_OBJC_LITERAL_CONVERSION = YES;
				CLANG_WARN_OBJC_ROOT_CLASS = YES_ERROR;
				CLANG_WARN_QUOTED_INCLUDE_IN_FRAMEWORK_HEADER = YES;
				CLANG_WARN_RANGE_LOOP_ANALYSIS = YES;
				CLANG_WARN_STRICT_PROTOTYPES = YES;
				CLANG_WARN_SUSPICIOUS_MOVE = YES;
				CLANG_WARN_UNGUARDED_AVAILABILITY = YES_AGGRESSIVE;
				CLANG_WARN_UNREACHABLE_CODE = YES;
				CLANG_WARN__DUPLICATE_METHOD_MATCH = YES;
				COPY_PHASE_STRIP = NO;
				DEBUG_INFORMATION_FORMAT = dwarf;
				ENABLE_STRICT_OBJC_MSGSEND = YES;
				ENABLE_TESTABILITY = YES;
				GCC_C_LANGUAGE_STANDARD = gnu11;
				GCC_DYNAMIC_NO_PIC = NO;
				GCC_NO_COMMON_BLOCKS = YES;
				GCC_OPTIMIZATION_LEVEL = 0;
				GCC_PREPROCESSOR_DEFINITIONS = (
					"DEBUG=1",
					"$(inherited)",
				);
				GCC_WARN_64_TO_32_BIT_CONVERSION = YES;
				GCC_WARN_ABOUT_RETURN_TYPE = YES_ERROR;
				GCC_WARN_UNDECLARED_SELECTOR = YES;
				GCC_WARN_UNINITIALIZED_AUTOS = YES_AGGRESSIVE;
				GCC_WARN_UNUSED_FUNCTION = YES;
				GCC_WARN_UNUSED_VARIABLE = YES;
				IPHONEOS_DEPLOYMENT_TARGET = 16.2;
				MTL_ENABLE_DEBUG_INFO = INCLUDE_SOURCE;
				MTL_FAST_MATH = YES;
				ONLY_ACTIVE_ARCH = YES;
				SDKROOT = iphoneos;
				SWIFT_ACTIVE_COMPILATION_CONDITIONS = DEBUG;
				SWIFT_OPTIMIZATION_LEVEL = "-Onone";
			};
			name = Debug;
		};
		096402462A832E4100DDBA00 /* Release */ = {
			isa = XCBuildConfiguration;
			buildSettings = {
				ALWAYS_SEARCH_USER_PATHS = NO;
				CLANG_ANALYZER_NONNULL = YES;
				CLANG_ANALYZER_NUMBER_OBJECT_CONVERSION = YES_AGGRESSIVE;
				CLANG_CXX_LANGUAGE_STANDARD = "gnu++20";
				CLANG_ENABLE_MODULES = YES;
				CLANG_ENABLE_OBJC_ARC = YES;
				CLANG_ENABLE_OBJC_WEAK = YES;
				CLANG_WARN_BLOCK_CAPTURE_AUTORELEASING = YES;
				CLANG_WARN_BOOL_CONVERSION = YES;
				CLANG_WARN_COMMA = YES;
				CLANG_WARN_CONSTANT_CONVERSION = YES;
				CLANG_WARN_DEPRECATED_OBJC_IMPLEMENTATIONS = YES;
				CLANG_WARN_DIRECT_OBJC_ISA_USAGE = YES_ERROR;
				CLANG_WARN_DOCUMENTATION_COMMENTS = YES;
				CLANG_WARN_EMPTY_BODY = YES;
				CLANG_WARN_ENUM_CONVERSION = YES;
				CLANG_WARN_INFINITE_RECURSION = YES;
				CLANG_WARN_INT_CONVERSION = YES;
				CLANG_WARN_NON_LITERAL_NULL_CONVERSION = YES;
				CLANG_WARN_OBJC_IMPLICIT_RETAIN_SELF = YES;
				CLANG_WARN_OBJC_LITERAL_CONVERSION = YES;
				CLANG_WARN_OBJC_ROOT_CLASS = YES_ERROR;
				CLANG_WARN_QUOTED_INCLUDE_IN_FRAMEWORK_HEADER = YES;
				CLANG_WARN_RANGE_LOOP_ANALYSIS = YES;
				CLANG_WARN_STRICT_PROTOTYPES = YES;
				CLANG_WARN_SUSPICIOUS_MOVE = YES;
				CLANG_WARN_UNGUARDED_AVAILABILITY = YES_AGGRESSIVE;
				CLANG_WARN_UNREACHABLE_CODE = YES;
				CLANG_WARN__DUPLICATE_METHOD_MATCH = YES;
				COPY_PHASE_STRIP = NO;
				DEBUG_INFORMATION_FORMAT = "dwarf-with-dsym";
				ENABLE_NS_ASSERTIONS = NO;
				ENABLE_STRICT_OBJC_MSGSEND = YES;
				GCC_C_LANGUAGE_STANDARD = gnu11;
				GCC_NO_COMMON_BLOCKS = YES;
				GCC_WARN_64_TO_32_BIT_CONVERSION = YES;
				GCC_WARN_ABOUT_RETURN_TYPE = YES_ERROR;
				GCC_WARN_UNDECLARED_SELECTOR = YES;
				GCC_WARN_UNINITIALIZED_AUTOS = YES_AGGRESSIVE;
				GCC_WARN_UNUSED_FUNCTION = YES;
				GCC_WARN_UNUSED_VARIABLE = YES;
				IPHONEOS_DEPLOYMENT_TARGET = 16.2;
				MTL_ENABLE_DEBUG_INFO = NO;
				MTL_FAST_MATH = YES;
				SDKROOT = iphoneos;
				SWIFT_COMPILATION_MODE = wholemodule;
				SWIFT_OPTIMIZATION_LEVEL = "-O";
				VALIDATE_PRODUCT = YES;
			};
			name = Release;
		};
		096402482A832E4100DDBA00 /* Debug */ = {
			isa = XCBuildConfiguration;
			buildSettings = {
				ASSETCATALOG_COMPILER_APPICON_NAME = AppIcon;
				ASSETCATALOG_COMPILER_GLOBAL_ACCENT_COLOR_NAME = AccentColor;
				CODE_SIGN_STYLE = Automatic;
				CURRENT_PROJECT_VERSION = 1;
				DEVELOPMENT_TEAM = 74HVCP3R5F;
				GENERATE_INFOPLIST_FILE = YES;
				INFOPLIST_FILE = Chatty/Info.plist;
				INFOPLIST_KEY_UIApplicationSupportsIndirectInputEvents = YES;
				INFOPLIST_KEY_UILaunchStoryboardName = LaunchScreen;
				INFOPLIST_KEY_UIMainStoryboardFile = Main;
				INFOPLIST_KEY_UISupportedInterfaceOrientations_iPad = "UIInterfaceOrientationPortrait UIInterfaceOrientationPortraitUpsideDown UIInterfaceOrientationLandscapeLeft UIInterfaceOrientationLandscapeRight";
				INFOPLIST_KEY_UISupportedInterfaceOrientations_iPhone = "UIInterfaceOrientationPortrait UIInterfaceOrientationLandscapeLeft UIInterfaceOrientationLandscapeRight";
				LD_RUNPATH_SEARCH_PATHS = (
					"$(inherited)",
					"@executable_path/Frameworks",
				);
				MARKETING_VERSION = 1.0;
				PRODUCT_BUNDLE_IDENTIFIER = com.devher.Chatty;
				PRODUCT_NAME = "$(TARGET_NAME)";
				SWIFT_EMIT_LOC_STRINGS = YES;
				SWIFT_VERSION = 5.0;
				TARGETED_DEVICE_FAMILY = "1,2";
			};
			name = Debug;
		};
		096402492A832E4100DDBA00 /* Release */ = {
			isa = XCBuildConfiguration;
			buildSettings = {
				ASSETCATALOG_COMPILER_APPICON_NAME = AppIcon;
				ASSETCATALOG_COMPILER_GLOBAL_ACCENT_COLOR_NAME = AccentColor;
				CODE_SIGN_STYLE = Automatic;
				CURRENT_PROJECT_VERSION = 1;
				DEVELOPMENT_TEAM = 74HVCP3R5F;
				GENERATE_INFOPLIST_FILE = YES;
				INFOPLIST_FILE = Chatty/Info.plist;
				INFOPLIST_KEY_UIApplicationSupportsIndirectInputEvents = YES;
				INFOPLIST_KEY_UILaunchStoryboardName = LaunchScreen;
				INFOPLIST_KEY_UIMainStoryboardFile = Main;
				INFOPLIST_KEY_UISupportedInterfaceOrientations_iPad = "UIInterfaceOrientationPortrait UIInterfaceOrientationPortraitUpsideDown UIInterfaceOrientationLandscapeLeft UIInterfaceOrientationLandscapeRight";
				INFOPLIST_KEY_UISupportedInterfaceOrientations_iPhone = "UIInterfaceOrientationPortrait UIInterfaceOrientationLandscapeLeft UIInterfaceOrientationLandscapeRight";
				LD_RUNPATH_SEARCH_PATHS = (
					"$(inherited)",
					"@executable_path/Frameworks",
				);
				MARKETING_VERSION = 1.0;
				PRODUCT_BUNDLE_IDENTIFIER = com.devher.Chatty;
				PRODUCT_NAME = "$(TARGET_NAME)";
				SWIFT_EMIT_LOC_STRINGS = YES;
				SWIFT_VERSION = 5.0;
				TARGETED_DEVICE_FAMILY = "1,2";
			};
			name = Release;
		};
		0964024B2A832E4100DDBA00 /* Debug */ = {
			isa = XCBuildConfiguration;
			buildSettings = {
				ALWAYS_EMBED_SWIFT_STANDARD_LIBRARIES = YES;
				BUNDLE_LOADER = "$(TEST_HOST)";
				CODE_SIGN_STYLE = Automatic;
				CURRENT_PROJECT_VERSION = 1;
				DEVELOPMENT_TEAM = 74HVCP3R5F;
				GENERATE_INFOPLIST_FILE = YES;
				IPHONEOS_DEPLOYMENT_TARGET = 16.2;
				MARKETING_VERSION = 1.0;
				PRODUCT_BUNDLE_IDENTIFIER = com.devher.ChattyTests;
				PRODUCT_NAME = "$(TARGET_NAME)";
				SWIFT_EMIT_LOC_STRINGS = NO;
				SWIFT_VERSION = 5.0;
				TARGETED_DEVICE_FAMILY = "1,2";
				TEST_HOST = "$(BUILT_PRODUCTS_DIR)/Chatty.app/$(BUNDLE_EXECUTABLE_FOLDER_PATH)/Chatty";
			};
			name = Debug;
		};
		0964024C2A832E4100DDBA00 /* Release */ = {
			isa = XCBuildConfiguration;
			buildSettings = {
				ALWAYS_EMBED_SWIFT_STANDARD_LIBRARIES = YES;
				BUNDLE_LOADER = "$(TEST_HOST)";
				CODE_SIGN_STYLE = Automatic;
				CURRENT_PROJECT_VERSION = 1;
				DEVELOPMENT_TEAM = 74HVCP3R5F;
				GENERATE_INFOPLIST_FILE = YES;
				IPHONEOS_DEPLOYMENT_TARGET = 16.2;
				MARKETING_VERSION = 1.0;
				PRODUCT_BUNDLE_IDENTIFIER = com.devher.ChattyTests;
				PRODUCT_NAME = "$(TARGET_NAME)";
				SWIFT_EMIT_LOC_STRINGS = NO;
				SWIFT_VERSION = 5.0;
				TARGETED_DEVICE_FAMILY = "1,2";
				TEST_HOST = "$(BUILT_PRODUCTS_DIR)/Chatty.app/$(BUNDLE_EXECUTABLE_FOLDER_PATH)/Chatty";
			};
			name = Release;
		};
		0964024E2A832E4100DDBA00 /* Debug */ = {
			isa = XCBuildConfiguration;
			buildSettings = {
				ALWAYS_EMBED_SWIFT_STANDARD_LIBRARIES = YES;
				CODE_SIGN_STYLE = Automatic;
				CURRENT_PROJECT_VERSION = 1;
				DEVELOPMENT_TEAM = 74HVCP3R5F;
				GENERATE_INFOPLIST_FILE = YES;
				MARKETING_VERSION = 1.0;
				PRODUCT_BUNDLE_IDENTIFIER = com.devher.ChattyUITests;
				PRODUCT_NAME = "$(TARGET_NAME)";
				SWIFT_EMIT_LOC_STRINGS = NO;
				SWIFT_VERSION = 5.0;
				TARGETED_DEVICE_FAMILY = "1,2";
				TEST_TARGET_NAME = Chatty;
			};
			name = Debug;
		};
		0964024F2A832E4100DDBA00 /* Release */ = {
			isa = XCBuildConfiguration;
			buildSettings = {
				ALWAYS_EMBED_SWIFT_STANDARD_LIBRARIES = YES;
				CODE_SIGN_STYLE = Automatic;
				CURRENT_PROJECT_VERSION = 1;
				DEVELOPMENT_TEAM = 74HVCP3R5F;
				GENERATE_INFOPLIST_FILE = YES;
				MARKETING_VERSION = 1.0;
				PRODUCT_BUNDLE_IDENTIFIER = com.devher.ChattyUITests;
				PRODUCT_NAME = "$(TARGET_NAME)";
				SWIFT_EMIT_LOC_STRINGS = NO;
				SWIFT_VERSION = 5.0;
				TARGETED_DEVICE_FAMILY = "1,2";
				TEST_TARGET_NAME = Chatty;
			};
			name = Release;
		};
/* End XCBuildConfiguration section */

/* Begin XCConfigurationList section */
		096402152A832E3F00DDBA00 /* Build configuration list for PBXProject "Chatty" */ = {
			isa = XCConfigurationList;
			buildConfigurations = (
				096402452A832E4100DDBA00 /* Debug */,
				096402462A832E4100DDBA00 /* Release */,
			);
			defaultConfigurationIsVisible = 0;
			defaultConfigurationName = Release;
		};
		096402472A832E4100DDBA00 /* Build configuration list for PBXNativeTarget "Chatty" */ = {
			isa = XCConfigurationList;
			buildConfigurations = (
				096402482A832E4100DDBA00 /* Debug */,
				096402492A832E4100DDBA00 /* Release */,
			);
			defaultConfigurationIsVisible = 0;
			defaultConfigurationName = Release;
		};
		0964024A2A832E4100DDBA00 /* Build configuration list for PBXNativeTarget "ChattyTests" */ = {
			isa = XCConfigurationList;
			buildConfigurations = (
				0964024B2A832E4100DDBA00 /* Debug */,
				0964024C2A832E4100DDBA00 /* Release */,
			);
			defaultConfigurationIsVisible = 0;
			defaultConfigurationName = Release;
		};
		0964024D2A832E4100DDBA00 /* Build configuration list for PBXNativeTarget "ChattyUITests" */ = {
			isa = XCConfigurationList;
			buildConfigurations = (
				0964024E2A832E4100DDBA00 /* Debug */,
				0964024F2A832E4100DDBA00 /* Release */,
			);
			defaultConfigurationIsVisible = 0;
			defaultConfigurationName = Release;
		};
/* End XCConfigurationList section */

/* Begin XCVersionGroup section */
		096402262A832E3F00DDBA00 /* Chatty.xcdatamodeld */ = {
			isa = XCVersionGroup;
			children = (
				096402272A832E3F00DDBA00 /* Chatty.xcdatamodel */,
			);
			currentVersion = 096402272A832E3F00DDBA00 /* Chatty.xcdatamodel */;
			path = Chatty.xcdatamodeld;
			sourceTree = "<group>";
			versionGroupType = wrapper.xcdatamodel;
		};
/* End XCVersionGroup section */
	};
	rootObject = 096402122A832E3F00DDBA00 /* Project object */;
}
